
Microsoft Visual Studio Solution File, Format Version 12.00
# Visual Studio Version 17
VisualStudioVersion = 17.1.32421.90
MinimumVisualStudioVersion = 10.0.40219.1
Project("{FAE04EC0-301F-11D3-BF4B-00C04F79EFBC}") = "Cartas_Ejercicio14", "Cartas_Ejercicio14\Cartas_Ejercicio14.csproj", "{A9DDC21A-F13A-4048-A93B-0C24CC4D80B2}"
EndProject
Global
	GlobalSection(SolutionConfigurationPlatforms) = preSolution
		Debug|Any CPU = Debug|Any CPU
		Release|Any CPU = Release|Any CPU
	EndGlobalSection
	GlobalSection(ProjectConfigurationPlatforms) = postSolution
		{A9DDC21A-F13A-4048-A93B-0C24CC4D80B2}.Debug|Any CPU.ActiveCfg = Debug|Any CPU
		{A9DDC21A-F13A-4048-A93B-0C24CC4D80B2}.Debug|Any CPU.Build.0 = Debug|Any CPU
		{A9DDC21A-F13A-4048-A93B-0C24CC4D80B2}.Release|Any CPU.ActiveCfg = Release|Any CPU
		{A9DDC21A-F13A-4048-A93B-0C24CC4D80B2}.Release|Any CPU.Build.0 = Release|Any CPU
	EndGlobalSection
	GlobalSection(SolutionProperties) = preSolution
		HideSolutionNode = FALSE
	EndGlobalSection
	GlobalSection(ExtensibilityGlobals) = postSolution
		SolutionGuid = {174DAD5B-900B-486E-AD0D-387F8B481813}
	EndGlobalSection
EndGlobal
